
Microsoft Visual Studio Solution File, Format Version 12.00
# Visual Studio Version 16
VisualStudioVersion = 16.0.30711.63
MinimumVisualStudioVersion = 10.0.40219.1
Project("{FAE04EC0-301F-11D3-BF4B-00C04F79EFBC}") = "AdminTemplate", "AdminTemplate.csproj", "{00FD737E-5A85-48A8-8036-21347838FC62}"
EndProject
Global
	GlobalSection(SolutionConfigurationPlatforms) = preSolution
		Debug|Any CPU = Debug|Any CPU
		Release|Any CPU = Release|Any CPU
	EndGlobalSection
	GlobalSection(ProjectConfigurationPlatforms) = postSolution
		{00FD737E-5A85-48A8-8036-21347838FC62}.Debug|Any CPU.ActiveCfg = Debug|Any CPU
		{00FD737E-5A85-48A8-8036-21347838FC62}.Debug|Any CPU.Build.0 = Debug|Any CPU
		{00FD737E-5A85-48A8-8036-21347838FC62}.Release|Any CPU.ActiveCfg = Release|Any CPU
		{00FD737E-5A85-48A8-8036-21347838FC62}.Release|Any CPU.Build.0 = Release|Any CPU
	EndGlobalSection
	GlobalSection(SolutionProperties) = preSolution
		HideSolutionNode = FALSE
	EndGlobalSection
	GlobalSection(ExtensibilityGlobals) = postSolution
		SolutionGuid = {AB0A77A9-DEC7-41BD-8F00-D6330ECA0AD6}
	EndGlobalSection
EndGlobal
